// !$*UTF8*$!
{
	archiveVersion = 1;
	classes = {
	};
	objectVersion = 48;
	objects = {

/* Begin PBXBuildFile section */
		973127D81F3DFC2100E608AB /* AppDelegate.swift in Sources */ = {isa = PBXBuildFile; fileRef = 973127D71F3DFC2100E608AB /* AppDelegate.swift */; };
		973127DA1F3DFC2100E608AB /* ViewController.swift in Sources */ = {isa = PBXBuildFile; fileRef = 973127D91F3DFC2100E608AB /* ViewController.swift */; };
		973127DD1F3DFC2100E608AB /* Main.storyboard in Resources */ = {isa = PBXBuildFile; fileRef = 973127DB1F3DFC2100E608AB /* Main.storyboard */; };
		973127DF1F3DFC2100E608AB /* Assets.xcassets in Resources */ = {isa = PBXBuildFile; fileRef = 973127DE1F3DFC2100E608AB /* Assets.xcassets */; };
		973127E21F3DFC2100E608AB /* LaunchScreen.storyboard in Resources */ = {isa = PBXBuildFile; fileRef = 973127E01F3DFC2100E608AB /* LaunchScreen.storyboard */; };
/* End PBXBuildFile section */

/* Begin PBXFileReference section */
		973127D41F3DFC2100E608AB /* KFNews.app */ = {isa = PBXFileReference; explicitFileType = wrapper.application; includeInIndex = 0; path = KFNews.app; sourceTree = BUILT_PRODUCTS_DIR; };
		973127D71F3DFC2100E608AB /* AppDelegate.swift */ = {isa = PBXFileReference; lastKnownFileType = sourcecode.swift; path = AppDelegate.swift; sourceTree = "<group>"; };
		973127D91F3DFC2100E608AB /* ViewController.swift */ = {isa = PBXFileReference; lastKnownFileType = sourcecode.swift; path = ViewController.swift; sourceTree = "<group>"; };
		973127DC1F3DFC2100E608AB /* Base */ = {isa = PBXFileReference; lastKnownFileType = file.storyboard; name = Base; path = Base.lproj/Main.storyboard; sourceTree = "<group>"; };
		973127DE1F3DFC2100E608AB /* Assets.xcassets */ = {isa = PBXFileReference; lastKnownFileType = folder.assetcatalog; path = Assets.xcassets; sourceTree = "<group>"; };
		973127E11F3DFC2100E608AB /* Base */ = {isa = PBXFileReference; lastKnownFileType = file.storyboard; name = Base; path = Base.lproj/LaunchScreen.storyboard; sourceTree = "<group>"; };
		973127E31F3DFC2100E608AB /* Info.plist */ = {isa = PBXFileReference; lastKnownFileType = text.plist.xml; path = Info.plist; sourceTree = "<group>"; };
/* End PBXFileReference section */

/* Begin PBXFrameworksBuildPhase section */
		973127D11F3DFC2100E608AB /* Frameworks */ = {
			isa = PBXFrameworksBuildPhase;
			buildActionMask = 2147483647;
			files = (
			);
			runOnlyForDeploymentPostprocessing = 0;
		};
/* End PBXFrameworksBuildPhase section */

/* Begin PBXGroup section */
		973127CB1F3DFC2100E608AB = {
			isa = PBXGroup;
			children = (
				973127D61F3DFC2100E608AB /* KFNews */,
				973127D51F3DFC2100E608AB /* Products */,
			);
			sourceTree = "<group>";
		};
		973127D51F3DFC2100E608AB /* Products */ = {
			isa = PBXGroup;
			children = (
				973127D41F3DFC2100E608AB /* KFNews.app */,
			);
			name = Products;
			sourceTree = "<group>";
		};
		973127D61F3DFC2100E608AB /* KFNews */ = {
			isa = PBXGroup;
			children = (
				973127D71F3DFC2100E608AB /* AppDelegate.swift */,
				973127D91F3DFC2100E608AB /* ViewController.swift */,
				973127DB1F3DFC2100E608AB /* Main.storyboard */,
				973127DE1F3DFC2100E608AB /* Assets.xcassets */,
				973127E01F3DFC2100E608AB /* LaunchScreen.storyboard */,
				973127E31F3DFC2100E608AB /* Info.plist */,
			);
			path = KFNews;
			sourceTree = "<group>";
		};
/* End PBXGroup section */

/* Begin PBXNativeTarget section */
		973127D31F3DFC2100E608AB /* KFNews */ = {
			isa = PBXNativeTarget;
			buildConfigurationList = 973127E61F3DFC2100E608AB /* Build configuration list for PBXNativeTarget "KFNews" */;
			buildPhases = (
				973127D01F3DFC2100E608AB /* Sources */,
				973127D11F3DFC2100E608AB /* Frameworks */,
				973127D21F3DFC2100E608AB /* Resources */,
			);
			buildRules = (
			);
			dependencies = (
			);
			name = KFNews;
			productName = KFNews;
			productReference = 973127D41F3DFC2100E608AB /* KFNews.app */;
			productType = "com.apple.product-type.application";
		};
/* End PBXNativeTarget section */

/* Begin PBXProject section */
		973127CC1F3DFC2100E608AB /* Project object */ = {
			isa = PBXProject;
			attributes = {
				LastSwiftUpdateCheck = 0900;
				LastUpgradeCheck = 0900;
				ORGANIZATIONNAME = lixiangzhou;
				TargetAttributes = {
					973127D31F3DFC2100E608AB = {
						CreatedOnToolsVersion = 9.0;
					};
				};
			};
			buildConfigurationList = 973127CF1F3DFC2100E608AB /* Build configuration list for PBXProject "KFNews" */;
			compatibilityVersion = "Xcode 8.0";
			developmentRegion = en;
			hasScannedForEncodings = 0;
			knownRegions = (
				en,
				Base,
			);
			mainGroup = 973127CB1F3DFC2100E608AB;
			productRefGroup = 973127D51F3DFC2100E608AB /* Products */;
			projectDirPath = "";
			projectRoot = "";
			targets = (
				973127D31F3DFC2100E608AB /* KFNews */,
			);
		};
/* End PBXProject section */

/* Begin PBXResourcesBuildPhase section */
		973127D21F3DFC2100E608AB /* Resources */ = {
			isa = PBXResourcesBuildPhase;
			buildActionMask = 2147483647;
			files = (
				973127E21F3DFC2100E608AB /* LaunchScreen.storyboard in Resources */,
				973127DF1F3DFC2100E608AB /* Assets.xcassets in Resources */,
				973127DD1F3DFC2100E608AB /* Main.storyboard in Resources */,
			);
			runOnlyForDeploymentPostprocessing = 0;
		};
/* End PBXResourcesBuildPhase section */

/* Begin PBXSourcesBuildPhase section */
		973127D01F3DFC2100E608AB /* Sources */ = {
			isa = PBXSourcesBuildPhase;
			buildActionMask = 2147483647;
			files = (
				973127DA1F3DFC2100E608AB /* ViewController.swift in Sources */,
				973127D81F3DFC2100E608AB /* AppDelegate.swift in Sources */,
			);
			runOnlyForDeploymentPostprocessing = 0;
		};
/* End PBXSourcesBuildPhase section */

/* Begin PBXVariantGroup section */
		973127DB1F3DFC2100E608AB /* Main.storyboard */ = {
			isa = PBXVariantGroup;
			children = (
				973127DC1F3DFC2100E608AB /* Base */,
			);
			name = Main.storyboard;
			sourceTree = "<group>";
		};
		973127E01F3DFC2100E608AB /* LaunchScreen.storyboard */ = {
			isa = PBXVariantGroup;
			children = (
				973127E11F3DFC2100E608AB /* Base */,
			);
			name = LaunchScreen.storyboard;
			sourceTree = "<group>";
		};
/* End PBXVariantGroup section */

/* Begin XCBuildConfiguration section */
		973127E41F3DFC2100E608AB /* Debug */ = {
			isa = XCBuildConfiguration;
			buildSettings = {
				ALWAYS_SEARCH_USER_PATHS = NO;
				CLANG_ANALYZER_NONNULL = YES;
				CLANG_ANALYZER_NUMBER_OBJECT_CONVERSION = YES_AGGRESSIVE;
				CLANG_CXX_LANGUAGE_STANDARD = "gnu++14";
				CLANG_CXX_LIBRARY = "libc++";
				CLANG_ENABLE_MODULES = YES;
				CLANG_ENABLE_OBJC_ARC = YES;
				CLANG_WARN_BLOCK_CAPTURE_AUTORELEASING = YES;
				CLANG_WARN_BOOL_CONVERSION = YES;
				CLANG_WARN_COMMA = YES;
				CLANG_WARN_CONSTANT_CONVERSION = YES;
				CLANG_WARN_DIRECT_OBJC_ISA_USAGE = YES_ERROR;
				CLANG_WARN_DOCUMENTATION_COMMENTS = YES;
				CLANG_WARN_EMPTY_BODY = YES;
				CLANG_WARN_ENUM_CONVERSION = YES;
				CLANG_WARN_INFINITE_RECURSION = YES;
				CLANG_WARN_INT_CONVERSION = YES;
				CLANG_WARN_NON_LITERAL_NULL_CONVERSION = YES;
				CLANG_WARN_OBJC_LITERAL_CONVERSION = YES;
				CLANG_WARN_OBJC_ROOT_CLASS = YES_ERROR;
				CLANG_WARN_RANGE_LOOP_ANALYSIS = YES;
				CLANG_WARN_STRICT_PROTOTYPES = YES;
				CLANG_WARN_SUSPICIOUS_MOVE = YES;
				CLANG_WARN_UNGUARDED_AVAILABILITY = YES_AGGRESSIVE;
				CLANG_WARN_UNREACHABLE_CODE = YES;
				CLANG_WARN__DUPLICATE_METHOD_MATCH = YES;
				CODE_SIGN_IDENTITY = "iPhone Developer";
				COPY_PHASE_STRIP = NO;
				DEBUG_INFORMATION_FORMAT = dwarf;
				ENABLE_STRICT_OBJC_MSGSEND = YES;
				ENABLE_TESTABILITY = YES;
				GCC_C_LANGUAGE_STANDARD = gnu11;
				GCC_DYNAMIC_NO_PIC = NO;
				GCC_NO_COMMON_BLOCKS = YES;
				GCC_OPTIMIZATION_LEVEL = 0;
				GCC_PREPROCESSOR_DEFINITIONS = (
					"DEBUG=1",
					"$(inherited)",
				);
				GCC_WARN_64_TO_32_BIT_CONVERSION = YES;
				GCC_WARN_ABOUT_RETURN_TYPE = YES_ERROR;
				GCC_WARN_UNDECLARED_SELECTOR = YES;
				GCC_WARN_UNINITIALIZED_AUTOS = YES_AGGRESSIVE;
				GCC_WARN_UNUSED_FUNCTION = YES;
				GCC_WARN_UNUSED_VARIABLE = YES;
				IPHONEOS_DEPLOYMENT_TARGET = 11.0;
				MTL_ENABLE_DEBUG_INFO = YES;
				ONLY_ACTIVE_ARCH = YES;
				SDKROOT = iphoneos;
				SWIFT_ACTIVE_COMPILATION_CONDITIONS = DEBUG;
				SWIFT_OPTIMIZATION_LEVEL = "-Onone";
			};
			name = Debug;
		};
		973127E51F3DFC2100E608AB /* Release */ = {
			isa = XCBuildConfiguration;
			buildSettings = {
				ALWAYS_SEARCH_USER_PATHS = NO;
				CLANG_ANALYZER_NONNULL = YES;
				CLANG_ANALYZER_NUMBER_OBJECT_CONVERSION = YES_AGGRESSIVE;
				CLANG_CXX_LANGUAGE_STANDARD = "gnu++14";
				CLANG_CXX_LIBRARY = "libc++";
				CLANG_ENABLE_MODULES = YES;
				CLANG_ENABLE_OBJC_ARC = YES;
				CLANG_WARN_BLOCK_CAPTURE_AUTORELEASING = YES;
				CLANG_WARN_BOOL_CONVERSION = YES;
				CLANG_WARN_COMMA = YES;
				CLANG_WARN_CONSTANT_CONVERSION = YES;
				CLANG_WARN_DIRECT_OBJC_ISA_USAGE = YES_ERROR;
				CLANG_WARN_DOCUMENTATION_COMMENTS = YES;
				CLANG_WARN_EMPTY_BODY = YES;
				CLANG_WARN_ENUM_CONVERSION = YES;
				CLANG_WARN_INFINITE_RECURSION = YES;
				CLANG_WARN_INT_CONVERSION = YES;
				CLANG_WARN_NON_LITERAL_NULL_CONVERSION = YES;
				CLANG_WARN_OBJC_LITERAL_CONVERSION = YES;
				CLANG_WARN_OBJC_ROOT_CLASS = YES_ERROR;
				CLANG_WARN_RANGE_LOOP_ANALYSIS = YES;
				CLANG_WARN_STRICT_PROTOTYPES = YES;
				CLANG_WARN_SUSPICIOUS_MOVE = YES;
				CLANG_WARN_UNGUARDED_AVAILABILITY = YES_AGGRESSIVE;
				CLANG_WARN_UNREACHABLE_CODE = YES;
				CLANG_WARN__DUPLICATE_METHOD_MATCH = YES;
				CODE_SIGN_IDENTITY = "iPhone Developer";
				COPY_PHASE_STRIP = NO;
				DEBUG_INFORMATION_FORMAT = "dwarf-with-dsym";
				ENABLE_NS_ASSERTIONS = NO;
				ENABLE_STRICT_OBJC_MSGSEND = YES;
				GCC_C_LANGUAGE_STANDARD = gnu11;
				GCC_NO_COMMON_BLOCKS = YES;
				GCC_WARN_64_TO_32_BIT_CONVERSION = YES;
				GCC_WARN_ABOUT_RETURN_TYPE = YES_ERROR;
				GCC_WARN_UNDECLARED_SELECTOR = YES;
				GCC_WARN_UNINITIALIZED_AUTOS = YES_AGGRESSIVE;
				GCC_WARN_UNUSED_FUNCTION = YES;
				GCC_WARN_UNUSED_VARIABLE = YES;
				IPHONEOS_DEPLOYMENT_TARGET = 11.0;
				MTL_ENABLE_DEBUG_INFO = NO;
				SDKROOT = iphoneos;
				SWIFT_OPTIMIZATION_LEVEL = "-Owholemodule";
				VALIDATE_PRODUCT = YES;
			};
			name = Release;
		};
		973127E71F3DFC2100E608AB /* Debug */ = {
			isa = XCBuildConfiguration;
			buildSettings = {
				ASSETCATALOG_COMPILER_APPICON_NAME = AppIcon;
				INFOPLIST_FILE = KFNews/Info.plist;
				LD_RUNPATH_SEARCH_PATHS = "$(inherited) @executable_path/Frameworks";
				PRODUCT_BUNDLE_IDENTIFIER = com.zz.KFNews;
				PRODUCT_NAME = "$(TARGET_NAME)";
				SWIFT_VERSION = 4.0;
				TARGETED_DEVICE_FAMILY = "1,2";
			};
			name = Debug;
		};
		973127E81F3DFC2100E608AB /* Release */ = {
			isa = XCBuildConfiguration;
			buildSettings = {
				ASSETCATALOG_COMPILER_APPICON_NAME = AppIcon;
				INFOPLIST_FILE = KFNews/Info.plist;
				LD_RUNPATH_SEARCH_PATHS = "$(inherited) @executable_path/Frameworks";
				PRODUCT_BUNDLE_IDENTIFIER = com.zz.KFNews;
				PRODUCT_NAME = "$(TARGET_NAME)";
				SWIFT_VERSION = 4.0;
				TARGETED_DEVICE_FAMILY = "1,2";
			};
			name = Release;
		};
/* End XCBuildConfiguration section */

/* Begin XCConfigurationList section */
		973127CF1F3DFC2100E608AB /* Build configuration list for PBXProject "KFNews" */ = {
			isa = XCConfigurationList;
			buildConfigurations = (
				973127E41F3DFC2100E608AB /* Debug */,
				973127E51F3DFC2100E608AB /* Release */,
			);
			defaultConfigurationIsVisible = 0;
			defaultConfigurationName = Release;
		};
		973127E61F3DFC2100E608AB /* Build configuration list for PBXNativeTarget "KFNews" */ = {
			isa = XCConfigurationList;
			buildConfigurations = (
				973127E71F3DFC2100E608AB /* Debug */,
				973127E81F3DFC2100E608AB /* Release */,
			);
			defaultConfigurationIsVisible = 0;
			defaultConfigurationName = Release;
		};
/* End XCConfigurationList section */
	};
	rootObject = 973127CC1F3DFC2100E608AB /* Project object */;
}
